// !$*UTF8*$!
{
	archiveVersion = 1;
	classes = {
	};
	objectVersion = 50;
	objects = {

/* Begin PBXBuildFile section */
		3F5F87DE2181A55900163B52 /* AppDelegate.swift in Sources */ = {isa = PBXBuildFile; fileRef = 3F5F87DD2181A55900163B52 /* AppDelegate.swift */; };
		3F5F87E02181A55900163B52 /* ViewController.swift in Sources */ = {isa = PBXBuildFile; fileRef = 3F5F87DF2181A55900163B52 /* ViewController.swift */; };
		3F5F87E32181A55900163B52 /* Main.storyboard in Resources */ = {isa = PBXBuildFile; fileRef = 3F5F87E12181A55900163B52 /* Main.storyboard */; };
		3F5F87E52181A55900163B52 /* Assets.xcassets in Resources */ = {isa = PBXBuildFile; fileRef = 3F5F87E42181A55900163B52 /* Assets.xcassets */; };
		3F5F87E82181A55900163B52 /* LaunchScreen.storyboard in Resources */ = {isa = PBXBuildFile; fileRef = 3F5F87E62181A55900163B52 /* LaunchScreen.storyboard */; };
		3F5F87F32181A55900163B52 /* test6Tests.swift in Sources */ = {isa = PBXBuildFile; fileRef = 3F5F87F22181A55900163B52 /* test6Tests.swift */; };
		3F5F87FE2181A55900163B52 /* test6UITests.swift in Sources */ = {isa = PBXBuildFile; fileRef = 3F5F87FD2181A55900163B52 /* test6UITests.swift */; };
/* End PBXBuildFile section */

/* Begin PBXContainerItemProxy section */
		3F5F87EF2181A55900163B52 /* PBXContainerItemProxy */ = {
			isa = PBXContainerItemProxy;
			containerPortal = 3F5F87D22181A55900163B52 /* Project object */;
			proxyType = 1;
			remoteGlobalIDString = 3F5F87D92181A55900163B52;
			remoteInfo = test6;
		};
		3F5F87FA2181A55900163B52 /* PBXContainerItemProxy */ = {
			isa = PBXContainerItemProxy;
			containerPortal = 3F5F87D22181A55900163B52 /* Project object */;
			proxyType = 1;
			remoteGlobalIDString = 3F5F87D92181A55900163B52;
			remoteInfo = test6;
		};
/* End PBXContainerItemProxy section */

/* Begin PBXFileReference section */
		3F5F87DA2181A55900163B52 /* test6.app */ = {isa = PBXFileReference; explicitFileType = wrapper.application; includeInIndex = 0; path = test6.app; sourceTree = BUILT_PRODUCTS_DIR; };
		3F5F87DD2181A55900163B52 /* AppDelegate.swift */ = {isa = PBXFileReference; lastKnownFileType = sourcecode.swift; path = AppDelegate.swift; sourceTree = "<group>"; };
		3F5F87DF2181A55900163B52 /* ViewController.swift */ = {isa = PBXFileReference; lastKnownFileType = sourcecode.swift; path = ViewController.swift; sourceTree = "<group>"; };
		3F5F87E22181A55900163B52 /* Base */ = {isa = PBXFileReference; lastKnownFileType = file.storyboard; name = Base; path = Base.lproj/Main.storyboard; sourceTree = "<group>"; };
		3F5F87E42181A55900163B52 /* Assets.xcassets */ = {isa = PBXFileReference; lastKnownFileType = folder.assetcatalog; path = Assets.xcassets; sourceTree = "<group>"; };
		3F5F87E72181A55900163B52 /* Base */ = {isa = PBXFileReference; lastKnownFileType = file.storyboard; name = Base; path = Base.lproj/LaunchScreen.storyboard; sourceTree = "<group>"; };
		3F5F87E92181A55900163B52 /* Info.plist */ = {isa = PBXFileReference; lastKnownFileType = text.plist.xml; path = Info.plist; sourceTree = "<group>"; };
		3F5F87EE2181A55900163B52 /* test6Tests.xctest */ = {isa = PBXFileReference; explicitFileType = wrapper.cfbundle; includeInIndex = 0; path = test6Tests.xctest; sourceTree = BUILT_PRODUCTS_DIR; };
		3F5F87F22181A55900163B52 /* test6Tests.swift */ = {isa = PBXFileReference; lastKnownFileType = sourcecode.swift; path = test6Tests.swift; sourceTree = "<group>"; };
		3F5F87F42181A55900163B52 /* Info.plist */ = {isa = PBXFileReference; lastKnownFileType = text.plist.xml; path = Info.plist; sourceTree = "<group>"; };
		3F5F87F92181A55900163B52 /* test6UITests.xctest */ = {isa = PBXFileReference; explicitFileType = wrapper.cfbundle; includeInIndex = 0; path = test6UITests.xctest; sourceTree = BUILT_PRODUCTS_DIR; };
		3F5F87FD2181A55900163B52 /* test6UITests.swift */ = {isa = PBXFileReference; lastKnownFileType = sourcecode.swift; path = test6UITests.swift; sourceTree = "<group>"; };
		3F5F87FF2181A55900163B52 /* Info.plist */ = {isa = PBXFileReference; lastKnownFileType = text.plist.xml; path = Info.plist; sourceTree = "<group>"; };
/* End PBXFileReference section */

/* Begin PBXFrameworksBuildPhase section */
		3F5F87D72181A55900163B52 /* Frameworks */ = {
			isa = PBXFrameworksBuildPhase;
			buildActionMask = 2147483647;
			files = (
			);
			runOnlyForDeploymentPostprocessing = 0;
		};
		3F5F87EB2181A55900163B52 /* Frameworks */ = {
			isa = PBXFrameworksBuildPhase;
			buildActionMask = 2147483647;
			files = (
			);
			runOnlyForDeploymentPostprocessing = 0;
		};
		3F5F87F62181A55900163B52 /* Frameworks */ = {
			isa = PBXFrameworksBuildPhase;
			buildActionMask = 2147483647;
			files = (
			);
			runOnlyForDeploymentPostprocessing = 0;
		};
/* End PBXFrameworksBuildPhase section */

/* Begin PBXGroup section */
		3F5F87D12181A55900163B52 = {
			isa = PBXGroup;
			children = (
				3F5F87DC2181A55900163B52 /* test6 */,
				3F5F87F12181A55900163B52 /* test6Tests */,
				3F5F87FC2181A55900163B52 /* test6UITests */,
				3F5F87DB2181A55900163B52 /* Products */,
			);
			sourceTree = "<group>";
		};
		3F5F87DB2181A55900163B52 /* Products */ = {
			isa = PBXGroup;
			children = (
				3F5F87DA2181A55900163B52 /* test6.app */,
				3F5F87EE2181A55900163B52 /* test6Tests.xctest */,
				3F5F87F92181A55900163B52 /* test6UITests.xctest */,
			);
			name = Products;
			sourceTree = "<group>";
		};
		3F5F87DC2181A55900163B52 /* test6 */ = {
			isa = PBXGroup;
			children = (
				3F5F87DD2181A55900163B52 /* AppDelegate.swift */,
				3F5F87DF2181A55900163B52 /* ViewController.swift */,
				3F5F87E12181A55900163B52 /* Main.storyboard */,
				3F5F87E42181A55900163B52 /* Assets.xcassets */,
				3F5F87E62181A55900163B52 /* LaunchScreen.storyboard */,
				3F5F87E92181A55900163B52 /* Info.plist */,
			);
			path = test6;
			sourceTree = "<group>";
		};
		3F5F87F12181A55900163B52 /* test6Tests */ = {
			isa = PBXGroup;
			children = (
				3F5F87F22181A55900163B52 /* test6Tests.swift */,
				3F5F87F42181A55900163B52 /* Info.plist */,
			);
			path = test6Tests;
			sourceTree = "<group>";
		};
		3F5F87FC2181A55900163B52 /* test6UITests */ = {
			isa = PBXGroup;
			children = (
				3F5F87FD2181A55900163B52 /* test6UITests.swift */,
				3F5F87FF2181A55900163B52 /* Info.plist */,
			);
			path = test6UITests;
			sourceTree = "<group>";
		};
/* End PBXGroup section */

/* Begin PBXNativeTarget section */
		3F5F87D92181A55900163B52 /* test6 */ = {
			isa = PBXNativeTarget;
			buildConfigurationList = 3F5F88022181A55900163B52 /* Build configuration list for PBXNativeTarget "test6" */;
			buildPhases = (
				3F5F87D62181A55900163B52 /* Sources */,
				3F5F87D72181A55900163B52 /* Frameworks */,
				3F5F87D82181A55900163B52 /* Resources */,
			);
			buildRules = (
			);
			dependencies = (
			);
			name = test6;
			productName = test6;
			productReference = 3F5F87DA2181A55900163B52 /* test6.app */;
			productType = "com.apple.product-type.application";
		};
		3F5F87ED2181A55900163B52 /* test6Tests */ = {
			isa = PBXNativeTarget;
			buildConfigurationList = 3F5F88052181A55900163B52 /* Build configuration list for PBXNativeTarget "test6Tests" */;
			buildPhases = (
				3F5F87EA2181A55900163B52 /* Sources */,
				3F5F87EB2181A55900163B52 /* Frameworks */,
				3F5F87EC2181A55900163B52 /* Resources */,
			);
			buildRules = (
			);
			dependencies = (
				3F5F87F02181A55900163B52 /* PBXTargetDependency */,
			);
			name = test6Tests;
			productName = test6Tests;
			productReference = 3F5F87EE2181A55900163B52 /* test6Tests.xctest */;
			productType = "com.apple.product-type.bundle.unit-test";
		};
		3F5F87F82181A55900163B52 /* test6UITests */ = {
			isa = PBXNativeTarget;
			buildConfigurationList = 3F5F88082181A55900163B52 /* Build configuration list for PBXNativeTarget "test6UITests" */;
			buildPhases = (
				3F5F87F52181A55900163B52 /* Sources */,
				3F5F87F62181A55900163B52 /* Frameworks */,
				3F5F87F72181A55900163B52 /* Resources */,
			);
			buildRules = (
			);
			dependencies = (
				3F5F87FB2181A55900163B52 /* PBXTargetDependency */,
			);
			name = test6UITests;
			productName = test6UITests;
			productReference = 3F5F87F92181A55900163B52 /* test6UITests.xctest */;
			productType = "com.apple.product-type.bundle.ui-testing";
		};
/* End PBXNativeTarget section */

/* Begin PBXProject section */
		3F5F87D22181A55900163B52 /* Project object */ = {
			isa = PBXProject;
			attributes = {
				LastSwiftUpdateCheck = 1000;
				LastUpgradeCheck = 1000;
				ORGANIZATIONNAME = student;
				TargetAttributes = {
					3F5F87D92181A55900163B52 = {
						CreatedOnToolsVersion = 10.0;
					};
					3F5F87ED2181A55900163B52 = {
						CreatedOnToolsVersion = 10.0;
						TestTargetID = 3F5F87D92181A55900163B52;
					};
					3F5F87F82181A55900163B52 = {
						CreatedOnToolsVersion = 10.0;
						TestTargetID = 3F5F87D92181A55900163B52;
					};
				};
			};
			buildConfigurationList = 3F5F87D52181A55900163B52 /* Build configuration list for PBXProject "test6" */;
			compatibilityVersion = "Xcode 9.3";
			developmentRegion = en;
			hasScannedForEncodings = 0;
			knownRegions = (
				en,
				Base,
			);
			mainGroup = 3F5F87D12181A55900163B52;
			productRefGroup = 3F5F87DB2181A55900163B52 /* Products */;
			projectDirPath = "";
			projectRoot = "";
			targets = (
				3F5F87D92181A55900163B52 /* test6 */,
				3F5F87ED2181A55900163B52 /* test6Tests */,
				3F5F87F82181A55900163B52 /* test6UITests */,
			);
		};
/* End PBXProject section */

/* Begin PBXResourcesBuildPhase section */
		3F5F87D82181A55900163B52 /* Resources */ = {
			isa = PBXResourcesBuildPhase;
			buildActionMask = 2147483647;
			files = (
				3F5F87E82181A55900163B52 /* LaunchScreen.storyboard in Resources */,
				3F5F87E52181A55900163B52 /* Assets.xcassets in Resources */,
				3F5F87E32181A55900163B52 /* Main.storyboard in Resources */,
			);
			runOnlyForDeploymentPostprocessing = 0;
		};
		3F5F87EC2181A55900163B52 /* Resources */ = {
			isa = PBXResourcesBuildPhase;
			buildActionMask = 2147483647;
			files = (
			);
			runOnlyForDeploymentPostprocessing = 0;
		};
		3F5F87F72181A55900163B52 /* Resources */ = {
			isa = PBXResourcesBuildPhase;
			buildActionMask = 2147483647;
			files = (
			);
			runOnlyForDeploymentPostprocessing = 0;
		};
/* End PBXResourcesBuildPhase section */

/* Begin PBXSourcesBuildPhase section */
		3F5F87D62181A55900163B52 /* Sources */ = {
			isa = PBXSourcesBuildPhase;
			buildActionMask = 2147483647;
			files = (
				3F5F87E02181A55900163B52 /* ViewController.swift in Sources */,
				3F5F87DE2181A55900163B52 /* AppDelegate.swift in Sources */,
			);
			runOnlyForDeploymentPostprocessing = 0;
		};
		3F5F87EA2181A55900163B52 /* Sources */ = {
			isa = PBXSourcesBuildPhase;
			buildActionMask = 2147483647;
			files = (
				3F5F87F32181A55900163B52 /* test6Tests.swift in Sources */,
			);
			runOnlyForDeploymentPostprocessing = 0;
		};
		3F5F87F52181A55900163B52 /* Sources */ = {
			isa = PBXSourcesBuildPhase;
			buildActionMask = 2147483647;
			files = (
				3F5F87FE2181A55900163B52 /* test6UITests.swift in Sources */,
			);
			runOnlyForDeploymentPostprocessing = 0;
		};
/* End PBXSourcesBuildPhase section */

/* Begin PBXTargetDependency section */
		3F5F87F02181A55900163B52 /* PBXTargetDependency */ = {
			isa = PBXTargetDependency;
			target = 3F5F87D92181A55900163B52 /* test6 */;
			targetProxy = 3F5F87EF2181A55900163B52 /* PBXContainerItemProxy */;
		};
		3F5F87FB2181A55900163B52 /* PBXTargetDependency */ = {
			isa = PBXTargetDependency;
			target = 3F5F87D92181A55900163B52 /* test6 */;
			targetProxy = 3F5F87FA2181A55900163B52 /* PBXContainerItemProxy */;
		};
/* End PBXTargetDependency section */

/* Begin PBXVariantGroup section */
		3F5F87E12181A55900163B52 /* Main.storyboard */ = {
			isa = PBXVariantGroup;
			children = (
				3F5F87E22181A55900163B52 /* Base */,
			);
			name = Main.storyboard;
			sourceTree = "<group>";
		};
		3F5F87E62181A55900163B52 /* LaunchScreen.storyboard */ = {
			isa = PBXVariantGroup;
			children = (
				3F5F87E72181A55900163B52 /* Base */,
			);
			name = LaunchScreen.storyboard;
			sourceTree = "<group>";
		};
/* End PBXVariantGroup section */

/* Begin XCBuildConfiguration section */
		3F5F88002181A55900163B52 /* Debug */ = {
			isa = XCBuildConfiguration;
			buildSettings = {
				ALWAYS_SEARCH_USER_PATHS = NO;
				CLANG_ANALYZER_NONNULL = YES;
				CLANG_ANALYZER_NUMBER_OBJECT_CONVERSION = YES_AGGRESSIVE;
				CLANG_CXX_LANGUAGE_STANDARD = "gnu++14";
				CLANG_CXX_LIBRARY = "libc++";
				CLANG_ENABLE_MODULES = YES;
				CLANG_ENABLE_OBJC_ARC = YES;
				CLANG_ENABLE_OBJC_WEAK = YES;
				CLANG_WARN_BLOCK_CAPTURE_AUTORELEASING = YES;
				CLANG_WARN_BOOL_CONVERSION = YES;
				CLANG_WARN_COMMA = YES;
				CLANG_WARN_CONSTANT_CONVERSION = YES;
				CLANG_WARN_DEPRECATED_OBJC_IMPLEMENTATIONS = YES;
				CLANG_WARN_DIRECT_OBJC_ISA_USAGE = YES_ERROR;
				CLANG_WARN_DOCUMENTATION_COMMENTS = YES;
				CLANG_WARN_EMPTY_BODY = YES;
				CLANG_WARN_ENUM_CONVERSION = YES;
				CLANG_WARN_INFINITE_RECURSION = YES;
				CLANG_WARN_INT_CONVERSION = YES;
				CLANG_WARN_NON_LITERAL_NULL_CONVERSION = YES;
				CLANG_WARN_OBJC_IMPLICIT_RETAIN_SELF = YES;
				CLANG_WARN_OBJC_LITERAL_CONVERSION = YES;
				CLANG_WARN_OBJC_ROOT_CLASS = YES_ERROR;
				CLANG_WARN_RANGE_LOOP_ANALYSIS = YES;
				CLANG_WARN_STRICT_PROTOTYPES = YES;
				CLANG_WARN_SUSPICIOUS_MOVE = YES;
				CLANG_WARN_UNGUARDED_AVAILABILITY = YES_AGGRESSIVE;
				CLANG_WARN_UNREACHABLE_CODE = YES;
				CLANG_WARN__DUPLICATE_METHOD_MATCH = YES;
				CODE_SIGN_IDENTITY = "iPhone Developer";
				COPY_PHASE_STRIP = NO;
				DEBUG_INFORMATION_FORMAT = dwarf;
				ENABLE_STRICT_OBJC_MSGSEND = YES;
				ENABLE_TESTABILITY = YES;
				GCC_C_LANGUAGE_STANDARD = gnu11;
				GCC_DYNAMIC_NO_PIC = NO;
				GCC_NO_COMMON_BLOCKS = YES;
				GCC_OPTIMIZATION_LEVEL = 0;
				GCC_PREPROCESSOR_DEFINITIONS = (
					"DEBUG=1",
					"$(inherited)",
				);
				GCC_WARN_64_TO_32_BIT_CONVERSION = YES;
				GCC_WARN_ABOUT_RETURN_TYPE = YES_ERROR;
				GCC_WARN_UNDECLARED_SELECTOR = YES;
				GCC_WARN_UNINITIALIZED_AUTOS = YES_AGGRESSIVE;
				GCC_WARN_UNUSED_FUNCTION = YES;
				GCC_WARN_UNUSED_VARIABLE = YES;
				IPHONEOS_DEPLOYMENT_TARGET = 12.0;
				MTL_ENABLE_DEBUG_INFO = INCLUDE_SOURCE;
				MTL_FAST_MATH = YES;
				ONLY_ACTIVE_ARCH = YES;
				SDKROOT = iphoneos;
				SWIFT_ACTIVE_COMPILATION_CONDITIONS = DEBUG;
				SWIFT_OPTIMIZATION_LEVEL = "-Onone";
			};
			name = Debug;
		};
		3F5F88012181A55900163B52 /* Release */ = {
			isa = XCBuildConfiguration;
			buildSettings = {
				ALWAYS_SEARCH_USER_PATHS = NO;
				CLANG_ANALYZER_NONNULL = YES;
				CLANG_ANALYZER_NUMBER_OBJECT_CONVERSION = YES_AGGRESSIVE;
				CLANG_CXX_LANGUAGE_STANDARD = "gnu++14";
				CLANG_CXX_LIBRARY = "libc++";
				CLANG_ENABLE_MODULES = YES;
				CLANG_ENABLE_OBJC_ARC = YES;
				CLANG_ENABLE_OBJC_WEAK = YES;
				CLANG_WARN_BLOCK_CAPTURE_AUTORELEASING = YES;
				CLANG_WARN_BOOL_CONVERSION = YES;
				CLANG_WARN_COMMA = YES;
				CLANG_WARN_CONSTANT_CONVERSION = YES;
				CLANG_WARN_DEPRECATED_OBJC_IMPLEMENTATIONS = YES;
				CLANG_WARN_DIRECT_OBJC_ISA_USAGE = YES_ERROR;
				CLANG_WARN_DOCUMENTATION_COMMENTS = YES;
				CLANG_WARN_EMPTY_BODY = YES;
				CLANG_WARN_ENUM_CONVERSION = YES;
				CLANG_WARN_INFINITE_RECURSION = YES;
				CLANG_WARN_INT_CONVERSION = YES;
				CLANG_WARN_NON_LITERAL_NULL_CONVERSION = YES;
				CLANG_WARN_OBJC_IMPLICIT_RETAIN_SELF = YES;
				CLANG_WARN_OBJC_LITERAL_CONVERSION = YES;
				CLANG_WARN_OBJC_ROOT_CLASS = YES_ERROR;
				CLANG_WARN_RANGE_LOOP_ANALYSIS = YES;
				CLANG_WARN_STRICT_PROTOTYPES = YES;
				CLANG_WARN_SUSPICIOUS_MOVE = YES;
				CLANG_WARN_UNGUARDED_AVAILABILITY = YES_AGGRESSIVE;
				CLANG_WARN_UNREACHABLE_CODE = YES;
				CLANG_WARN__DUPLICATE_METHOD_MATCH = YES;
				CODE_SIGN_IDENTITY = "iPhone Developer";
				COPY_PHASE_STRIP = NO;
				DEBUG_INFORMATION_FORMAT = "dwarf-with-dsym";
				ENABLE_NS_ASSERTIONS = NO;
				ENABLE_STRICT_OBJC_MSGSEND = YES;
				GCC_C_LANGUAGE_STANDARD = gnu11;
				GCC_NO_COMMON_BLOCKS = YES;
				GCC_WARN_64_TO_32_BIT_CONVERSION = YES;
				GCC_WARN_ABOUT_RETURN_TYPE = YES_ERROR;
				GCC_WARN_UNDECLARED_SELECTOR = YES;
				GCC_WARN_UNINITIALIZED_AUTOS = YES_AGGRESSIVE;
				GCC_WARN_UNUSED_FUNCTION = YES;
				GCC_WARN_UNUSED_VARIABLE = YES;
				IPHONEOS_DEPLOYMENT_TARGET = 12.0;
				MTL_ENABLE_DEBUG_INFO = NO;
				MTL_FAST_MATH = YES;
				SDKROOT = iphoneos;
				SWIFT_COMPILATION_MODE = wholemodule;
				SWIFT_OPTIMIZATION_LEVEL = "-O";
				VALIDATE_PRODUCT = YES;
			};
			name = Release;
		};
		3F5F88032181A55900163B52 /* Debug */ = {
			isa = XCBuildConfiguration;
			buildSettings = {
				ASSETCATALOG_COMPILER_APPICON_NAME = AppIcon;
				CODE_SIGN_STYLE = Automatic;
				INFOPLIST_FILE = test6/Info.plist;
				LD_RUNPATH_SEARCH_PATHS = (
					"$(inherited)",
					"@executable_path/Frameworks",
				);
				PRODUCT_BUNDLE_IDENTIFIER = "-016110442.test6";
				PRODUCT_NAME = "$(TARGET_NAME)";
				SWIFT_VERSION = 4.2;
				TARGETED_DEVICE_FAMILY = "1,2";
			};
			name = Debug;
		};
		3F5F88042181A55900163B52 /* Release */ = {
			isa = XCBuildConfiguration;
			buildSettings = {
				ASSETCATALOG_COMPILER_APPICON_NAME = AppIcon;
				CODE_SIGN_STYLE = Automatic;
				INFOPLIST_FILE = test6/Info.plist;
				LD_RUNPATH_SEARCH_PATHS = (
					"$(inherited)",
					"@executable_path/Frameworks",
				);
				PRODUCT_BUNDLE_IDENTIFIER = "-016110442.test6";
				PRODUCT_NAME = "$(TARGET_NAME)";
				SWIFT_VERSION = 4.2;
				TARGETED_DEVICE_FAMILY = "1,2";
			};
			name = Release;
		};
		3F5F88062181A55900163B52 /* Debug */ = {
			isa = XCBuildConfiguration;
			buildSettings = {
				ALWAYS_EMBED_SWIFT_STANDARD_LIBRARIES = YES;
				BUNDLE_LOADER = "$(TEST_HOST)";
				CODE_SIGN_STYLE = Automatic;
				INFOPLIST_FILE = test6Tests/Info.plist;
				LD_RUNPATH_SEARCH_PATHS = (
					"$(inherited)",
					"@executable_path/Frameworks",
					"@loader_path/Frameworks",
				);
				PRODUCT_BUNDLE_IDENTIFIER = "-016110442.test6Tests";
				PRODUCT_NAME = "$(TARGET_NAME)";
				SWIFT_VERSION = 4.2;
				TARGETED_DEVICE_FAMILY = "1,2";
				TEST_HOST = "$(BUILT_PRODUCTS_DIR)/test6.app/test6";
			};
			name = Debug;
		};
		3F5F88072181A55900163B52 /* Release */ = {
			isa = XCBuildConfiguration;
			buildSettings = {
				ALWAYS_EMBED_SWIFT_STANDARD_LIBRARIES = YES;
				BUNDLE_LOADER = "$(TEST_HOST)";
				CODE_SIGN_STYLE = Automatic;
				INFOPLIST_FILE = test6Tests/Info.plist;
				LD_RUNPATH_SEARCH_PATHS = (
					"$(inherited)",
					"@executable_path/Frameworks",
					"@loader_path/Frameworks",
				);
				PRODUCT_BUNDLE_IDENTIFIER = "-016110442.test6Tests";
				PRODUCT_NAME = "$(TARGET_NAME)";
				SWIFT_VERSION = 4.2;
				TARGETED_DEVICE_FAMILY = "1,2";
				TEST_HOST = "$(BUILT_PRODUCTS_DIR)/test6.app/test6";
			};
			name = Release;
		};
		3F5F88092181A55900163B52 /* Debug */ = {
			isa = XCBuildConfiguration;
			buildSettings = {
				ALWAYS_EMBED_SWIFT_STANDARD_LIBRARIES = YES;
				CODE_SIGN_STYLE = Automatic;
				INFOPLIST_FILE = test6UITests/Info.plist;
				LD_RUNPATH_SEARCH_PATHS = (
					"$(inherited)",
					"@executable_path/Frameworks",
					"@loader_path/Frameworks",
				);
				PRODUCT_BUNDLE_IDENTIFIER = "-016110442.test6UITests";
				PRODUCT_NAME = "$(TARGET_NAME)";
				SWIFT_VERSION = 4.2;
				TARGETED_DEVICE_FAMILY = "1,2";
				TEST_TARGET_NAME = test6;
			};
			name = Debug;
		};
		3F5F880A2181A55900163B52 /* Release */ = {
			isa = XCBuildConfiguration;
			buildSettings = {
				ALWAYS_EMBED_SWIFT_STANDARD_LIBRARIES = YES;
				CODE_SIGN_STYLE = Automatic;
				INFOPLIST_FILE = test6UITests/Info.plist;
				LD_RUNPATH_SEARCH_PATHS = (
					"$(inherited)",
					"@executable_path/Frameworks",
					"@loader_path/Frameworks",
				);
				PRODUCT_BUNDLE_IDENTIFIER = "-016110442.test6UITests";
				PRODUCT_NAME = "$(TARGET_NAME)";
				SWIFT_VERSION = 4.2;
				TARGETED_DEVICE_FAMILY = "1,2";
				TEST_TARGET_NAME = test6;
			};
			name = Release;
		};
/* End XCBuildConfiguration section */

/* Begin XCConfigurationList section */
		3F5F87D52181A55900163B52 /* Build configuration list for PBXProject "test6" */ = {
			isa = XCConfigurationList;
			buildConfigurations = (
				3F5F88002181A55900163B52 /* Debug */,
				3F5F88012181A55900163B52 /* Release */,
			);
			defaultConfigurationIsVisible = 0;
			defaultConfigurationName = Release;
		};
		3F5F88022181A55900163B52 /* Build configuration list for PBXNativeTarget "test6" */ = {
			isa = XCConfigurationList;
			buildConfigurations = (
				3F5F88032181A55900163B52 /* Debug */,
				3F5F88042181A55900163B52 /* Release */,
			);
			defaultConfigurationIsVisible = 0;
			defaultConfigurationName = Release;
		};
		3F5F88052181A55900163B52 /* Build configuration list for PBXNativeTarget "test6Tests" */ = {
			isa = XCConfigurationList;
			buildConfigurations = (
				3F5F88062181A55900163B52 /* Debug */,
				3F5F88072181A55900163B52 /* Release */,
			);
			defaultConfigurationIsVisible = 0;
			defaultConfigurationName = Release;
		};
		3F5F88082181A55900163B52 /* Build configuration list for PBXNativeTarget "test6UITests" */ = {
			isa = XCConfigurationList;
			buildConfigurations = (
				3F5F88092181A55900163B52 /* Debug */,
				3F5F880A2181A55900163B52 /* Release */,
			);
			defaultConfigurationIsVisible = 0;
			defaultConfigurationName = Release;
		};
/* End XCConfigurationList section */
	};
	rootObject = 3F5F87D22181A55900163B52 /* Project object */;
}
